
Microsoft Visual Studio Solution File, Format Version 12.00
# Visual Studio 15
VisualStudioVersion = 15.0.28307.1433
MinimumVisualStudioVersion = 10.0.40219.1
Project("{8BC9CEB8-8B4A-11D0-8D11-00A0C91BC942}") = "sa1", "sa1\sa1.vcxproj", "{B166492C-C8DE-41AF-8942-51D1BD6DD74A}"
EndProject
Global
	GlobalSection(SolutionConfigurationPlatforms) = preSolution
		Debug|x64 = Debug|x64
		Debug|x86 = Debug|x86
		Release|x64 = Release|x64
		Release|x86 = Release|x86
	EndGlobalSection
	GlobalSection(ProjectConfigurationPlatforms) = postSolution
		{B166492C-C8DE-41AF-8942-51D1BD6DD74A}.Debug|x64.ActiveCfg = Debug|x64
		{B166492C-C8DE-41AF-8942-51D1BD6DD74A}.Debug|x64.Build.0 = Debug|x64
		{B166492C-C8DE-41AF-8942-51D1BD6DD74A}.Debug|x86.ActiveCfg = Debug|Win32
		{B166492C-C8DE-41AF-8942-51D1BD6DD74A}.Debug|x86.Build.0 = Debug|Win32
		{B166492C-C8DE-41AF-8942-51D1BD6DD74A}.Release|x64.ActiveCfg = Release|x64
		{B166492C-C8DE-41AF-8942-51D1BD6DD74A}.Release|x64.Build.0 = Release|x64
		{B166492C-C8DE-41AF-8942-51D1BD6DD74A}.Release|x86.ActiveCfg = Release|Win32
		{B166492C-C8DE-41AF-8942-51D1BD6DD74A}.Release|x86.Build.0 = Release|Win32
	EndGlobalSection
	GlobalSection(SolutionProperties) = preSolution
		HideSolutionNode = FALSE
	EndGlobalSection
	GlobalSection(ExtensibilityGlobals) = postSolution
		SolutionGuid = {B6E7BAF5-E515-4098-A31A-E7A455292A10}
	EndGlobalSection
EndGlobal
